
Microsoft Visual Studio Solution File, Format Version 12.00
# Visual Studio Version 16
VisualStudioVersion = 16.0.31613.86
MinimumVisualStudioVersion = 10.0.40219.1
Project("{9A19103F-16F7-4668-BE54-9A1E7A4F7556}") = "WebApplication1", "WebApplication1.csproj", "{714F36ED-4F10-4D02-A11E-7EF769BEC9B1}"
EndProject
Project("{9A19103F-16F7-4668-BE54-9A1E7A4F7556}") = "Asp.netCoreMVC", "..\Asp.netCoreMVC\Asp.netCoreMVC.csproj", "{DEE103B1-9404-4898-9A68-4C77F9300F78}"
EndProject
Project("{9A19103F-16F7-4668-BE54-9A1E7A4F7556}") = "EmployeeManagementSys", "..\EmployeeManagementSys\EmployeeManagementSys.csproj", "{313BB3AA-5DF5-4265-B76E-80FBA6A84938}"
EndProject
Project("{9A19103F-16F7-4668-BE54-9A1E7A4F7556}") = "EmployeeManagementSys.DAL", "..\EmployeeManagementSys.DAL\EmployeeManagementSys.DAL.csproj", "{A6F03AA2-1D6B-4A7E-85CC-95CBD8D34827}"
EndProject
Project("{9A19103F-16F7-4668-BE54-9A1E7A4F7556}") = "EmployeeManagementSys.Services", "..\EmployeeManagementSys.Services\EmployeeManagementSys.Services.csproj", "{F459F303-A984-47D2-92A9-0CA1667CC298}"
EndProject
Project("{FAE04EC0-301F-11D3-BF4B-00C04F79EFBC}") = "EmployeeManagementSysApi", "..\EmployeeManagementSysApi\EmployeeManagementSysApi.csproj", "{0C59CE1A-EB82-446F-8436-3B3BF88F9543}"
EndProject
Project("{FAE04EC0-301F-11D3-BF4B-00C04F79EFBC}") = "EmployeeManagementApiTrial", "..\EmployeeManagementApiTrial\EmployeeManagementApiTrial.csproj", "{0DEAF2E7-5B47-4AE8-946C-BDAE59BB0B5F}"
EndProject
Global
	GlobalSection(SolutionConfigurationPlatforms) = preSolution
		Debug|Any CPU = Debug|Any CPU
		Release|Any CPU = Release|Any CPU
	EndGlobalSection
	GlobalSection(ProjectConfigurationPlatforms) = postSolution
		{714F36ED-4F10-4D02-A11E-7EF769BEC9B1}.Debug|Any CPU.ActiveCfg = Debug|Any CPU
		{714F36ED-4F10-4D02-A11E-7EF769BEC9B1}.Debug|Any CPU.Build.0 = Debug|Any CPU
		{714F36ED-4F10-4D02-A11E-7EF769BEC9B1}.Release|Any CPU.ActiveCfg = Release|Any CPU
		{714F36ED-4F10-4D02-A11E-7EF769BEC9B1}.Release|Any CPU.Build.0 = Release|Any CPU
		{DEE103B1-9404-4898-9A68-4C77F9300F78}.Debug|Any CPU.ActiveCfg = Debug|Any CPU
		{DEE103B1-9404-4898-9A68-4C77F9300F78}.Debug|Any CPU.Build.0 = Debug|Any CPU
		{DEE103B1-9404-4898-9A68-4C77F9300F78}.Release|Any CPU.ActiveCfg = Release|Any CPU
		{DEE103B1-9404-4898-9A68-4C77F9300F78}.Release|Any CPU.Build.0 = Release|Any CPU
		{313BB3AA-5DF5-4265-B76E-80FBA6A84938}.Debug|Any CPU.ActiveCfg = Debug|Any CPU
		{313BB3AA-5DF5-4265-B76E-80FBA6A84938}.Debug|Any CPU.Build.0 = Debug|Any CPU
		{313BB3AA-5DF5-4265-B76E-80FBA6A84938}.Release|Any CPU.ActiveCfg = Release|Any CPU
		{313BB3AA-5DF5-4265-B76E-80FBA6A84938}.Release|Any CPU.Build.0 = Release|Any CPU
		{A6F03AA2-1D6B-4A7E-85CC-95CBD8D34827}.Debug|Any CPU.ActiveCfg = Debug|Any CPU
		{A6F03AA2-1D6B-4A7E-85CC-95CBD8D34827}.Debug|Any CPU.Build.0 = Debug|Any CPU
		{A6F03AA2-1D6B-4A7E-85CC-95CBD8D34827}.Release|Any CPU.ActiveCfg = Release|Any CPU
		{A6F03AA2-1D6B-4A7E-85CC-95CBD8D34827}.Release|Any CPU.Build.0 = Release|Any CPU
		{F459F303-A984-47D2-92A9-0CA1667CC298}.Debug|Any CPU.ActiveCfg = Debug|Any CPU
		{F459F303-A984-47D2-92A9-0CA1667CC298}.Debug|Any CPU.Build.0 = Debug|Any CPU
		{F459F303-A984-47D2-92A9-0CA1667CC298}.Release|Any CPU.ActiveCfg = Release|Any CPU
		{F459F303-A984-47D2-92A9-0CA1667CC298}.Release|Any CPU.Build.0 = Release|Any CPU
		{0C59CE1A-EB82-446F-8436-3B3BF88F9543}.Debug|Any CPU.ActiveCfg = Debug|Any CPU
		{0C59CE1A-EB82-446F-8436-3B3BF88F9543}.Debug|Any CPU.Build.0 = Debug|Any CPU
		{0C59CE1A-EB82-446F-8436-3B3BF88F9543}.Release|Any CPU.ActiveCfg = Release|Any CPU
		{0C59CE1A-EB82-446F-8436-3B3BF88F9543}.Release|Any CPU.Build.0 = Release|Any CPU
		{0DEAF2E7-5B47-4AE8-946C-BDAE59BB0B5F}.Debug|Any CPU.ActiveCfg = Debug|Any CPU
		{0DEAF2E7-5B47-4AE8-946C-BDAE59BB0B5F}.Debug|Any CPU.Build.0 = Debug|Any CPU
		{0DEAF2E7-5B47-4AE8-946C-BDAE59BB0B5F}.Release|Any CPU.ActiveCfg = Release|Any CPU
		{0DEAF2E7-5B47-4AE8-946C-BDAE59BB0B5F}.Release|Any CPU.Build.0 = Release|Any CPU
	EndGlobalSection
	GlobalSection(SolutionProperties) = preSolution
		HideSolutionNode = FALSE
	EndGlobalSection
	GlobalSection(ExtensibilityGlobals) = postSolution
		SolutionGuid = {76859A90-E364-4BDD-A8E1-E721B33D0F48}
	EndGlobalSection
EndGlobal
